// !$*UTF8*$!
{
	archiveVersion = 1;
	classes = {
	};
	objectVersion = 46;
	objects = {

/* Begin PBXBuildFile section */
		36008DDC190AFDED004EFFD0 /* DefaultReplaceGetter.plist in Resources */ = {isa = PBXBuildFile; fileRef = 36008DDB190AFDED004EFFD0 /* DefaultReplaceGetter.plist */; };
		3615FF83190AA1CC00CC9825 /* VVKeyboardEventSender.m in Sources */ = {isa = PBXBuildFile; fileRef = 3615FF82190AA1CC00CC9825 /* VVKeyboardEventSender.m */; };
		3615FF9A190ADC9A00CC9825 /* NSString+PDRegex.m in Sources */ = {isa = PBXBuildFile; fileRef = 3615FF99190ADC9A00CC9825 /* NSString+PDRegex.m */; };
		3652D0F2190B032900AA3A2F /* SettingWindowController.xib in Resources */ = {isa = PBXBuildFile; fileRef = 3652D0F1190B032900AA3A2F /* SettingWindowController.xib */; };
		3652D0F5190B040500AA3A2F /* SettingWindowController.m in Sources */ = {isa = PBXBuildFile; fileRef = 3652D0F4190B040500AA3A2F /* SettingWindowController.m */; };
		369F72F5190BF9850077F874 /* NSView+MLRecursiveSubviews.m in Sources */ = {isa = PBXBuildFile; fileRef = 369F72F4190BF9850077F874 /* NSView+MLRecursiveSubviews.m */; };
		36C1E664190A961800226CBF /* AppKit.framework in Frameworks */ = {isa = PBXBuildFile; fileRef = 36C1E663190A961800226CBF /* AppKit.framework */; };
		36C1E666190A961800226CBF /* Foundation.framework in Frameworks */ = {isa = PBXBuildFile; fileRef = 36C1E665190A961800226CBF /* Foundation.framework */; };
		36C1E66C190A961800226CBF /* InfoPlist.strings in Resources */ = {isa = PBXBuildFile; fileRef = 36C1E66A190A961800226CBF /* InfoPlist.strings */; };
		36C1E66F190A961800226CBF /* MLAutoReplace.m in Sources */ = {isa = PBXBuildFile; fileRef = 36C1E66E190A961800226CBF /* MLAutoReplace.m */; };
		36C1E679190A97AC00226CBF /* NSTextView+Addition.m in Sources */ = {isa = PBXBuildFile; fileRef = 36C1E678190A97AC00226CBF /* NSTextView+Addition.m */; };
		36C1E67D190A988300226CBF /* NSString+Addition.m in Sources */ = {isa = PBXBuildFile; fileRef = 36C1E67C190A988300226CBF /* NSString+Addition.m */; };
		36EF899B190BA929003C7336 /* DefaultReplaceOther.plist in Resources */ = {isa = PBXBuildFile; fileRef = 36EF899A190BA929003C7336 /* DefaultReplaceOther.plist */; };
/* End PBXBuildFile section */

/* Begin PBXFileReference section */
		36008DDB190AFDED004EFFD0 /* DefaultReplaceGetter.plist */ = {isa = PBXFileReference; fileEncoding = 4; lastKnownFileType = text.plist.xml; path = DefaultReplaceGetter.plist; sourceTree = "<group>"; };
		3615FF81190AA1CC00CC9825 /* VVKeyboardEventSender.h */ = {isa = PBXFileReference; fileEncoding = 4; lastKnownFileType = sourcecode.c.h; path = VVKeyboardEventSender.h; sourceTree = "<group>"; };
		3615FF82190AA1CC00CC9825 /* VVKeyboardEventSender.m */ = {isa = PBXFileReference; fileEncoding = 4; lastKnownFileType = sourcecode.c.objc; path = VVKeyboardEventSender.m; sourceTree = "<group>"; };
		3615FF98190ADC9A00CC9825 /* NSString+PDRegex.h */ = {isa = PBXFileReference; fileEncoding = 4; lastKnownFileType = sourcecode.c.h; path = "NSString+PDRegex.h"; sourceTree = "<group>"; };
		3615FF99190ADC9A00CC9825 /* NSString+PDRegex.m */ = {isa = PBXFileReference; fileEncoding = 4; lastKnownFileType = sourcecode.c.objc; path = "NSString+PDRegex.m"; sourceTree = "<group>"; };
		3652D0F1190B032900AA3A2F /* SettingWindowController.xib */ = {isa = PBXFileReference; fileEncoding = 4; lastKnownFileType = file.xib; path = SettingWindowController.xib; sourceTree = "<group>"; };
		3652D0F3190B040500AA3A2F /* SettingWindowController.h */ = {isa = PBXFileReference; fileEncoding = 4; lastKnownFileType = sourcecode.c.h; path = SettingWindowController.h; sourceTree = "<group>"; };
		3652D0F4190B040500AA3A2F /* SettingWindowController.m */ = {isa = PBXFileReference; fileEncoding = 4; lastKnownFileType = sourcecode.c.objc; path = SettingWindowController.m; sourceTree = "<group>"; };
		369F72F3190BF9850077F874 /* NSView+MLRecursiveSubviews.h */ = {isa = PBXFileReference; fileEncoding = 4; lastKnownFileType = sourcecode.c.h; path = "NSView+MLRecursiveSubviews.h"; sourceTree = "<group>"; };
		369F72F4190BF9850077F874 /* NSView+MLRecursiveSubviews.m */ = {isa = PBXFileReference; fileEncoding = 4; lastKnownFileType = sourcecode.c.objc; path = "NSView+MLRecursiveSubviews.m"; sourceTree = "<group>"; };
		36C1E660190A961800226CBF /* MLAutoReplace.xcplugin */ = {isa = PBXFileReference; explicitFileType = wrapper.cfbundle; includeInIndex = 0; path = MLAutoReplace.xcplugin; sourceTree = BUILT_PRODUCTS_DIR; };
		36C1E663190A961800226CBF /* AppKit.framework */ = {isa = PBXFileReference; lastKnownFileType = wrapper.framework; name = AppKit.framework; path = System/Library/Frameworks/AppKit.framework; sourceTree = SDKROOT; };
		36C1E665190A961800226CBF /* Foundation.framework */ = {isa = PBXFileReference; lastKnownFileType = wrapper.framework; name = Foundation.framework; path = System/Library/Frameworks/Foundation.framework; sourceTree = SDKROOT; };
		36C1E669190A961800226CBF /* MLAutoReplace-Info.plist */ = {isa = PBXFileReference; lastKnownFileType = text.plist.xml; path = "MLAutoReplace-Info.plist"; sourceTree = "<group>"; };
		36C1E66B190A961800226CBF /* en */ = {isa = PBXFileReference; lastKnownFileType = text.plist.strings; name = en; path = en.lproj/InfoPlist.strings; sourceTree = "<group>"; };
		36C1E66D190A961800226CBF /* MLAutoReplace.h */ = {isa = PBXFileReference; lastKnownFileType = sourcecode.c.h; path = MLAutoReplace.h; sourceTree = "<group>"; };
		36C1E66E190A961800226CBF /* MLAutoReplace.m */ = {isa = PBXFileReference; lastKnownFileType = sourcecode.c.objc; path = MLAutoReplace.m; sourceTree = "<group>"; };
		36C1E670190A961800226CBF /* MLAutoReplace-Prefix.pch */ = {isa = PBXFileReference; lastKnownFileType = sourcecode.c.h; path = "MLAutoReplace-Prefix.pch"; sourceTree = "<group>"; };
		36C1E677190A97AC00226CBF /* NSTextView+Addition.h */ = {isa = PBXFileReference; fileEncoding = 4; lastKnownFileType = sourcecode.c.h; path = "NSTextView+Addition.h"; sourceTree = "<group>"; };
		36C1E678190A97AC00226CBF /* NSTextView+Addition.m */ = {isa = PBXFileReference; fileEncoding = 4; lastKnownFileType = sourcecode.c.objc; path = "NSTextView+Addition.m"; sourceTree = "<group>"; };
		36C1E67A190A987600226CBF /* Debug.h */ = {isa = PBXFileReference; lastKnownFileType = sourcecode.c.h; path = Debug.h; sourceTree = "<group>"; };
		36C1E67B190A988300226CBF /* NSString+Addition.h */ = {isa = PBXFileReference; fileEncoding = 4; lastKnownFileType = sourcecode.c.h; path = "NSString+Addition.h"; sourceTree = "<group>"; };
		36C1E67C190A988300226CBF /* NSString+Addition.m */ = {isa = PBXFileReference; fileEncoding = 4; lastKnownFileType = sourcecode.c.objc; path = "NSString+Addition.m"; sourceTree = "<group>"; };
		36EF899A190BA929003C7336 /* DefaultReplaceOther.plist */ = {isa = PBXFileReference; fileEncoding = 4; lastKnownFileType = text.plist.xml; path = DefaultReplaceOther.plist; sourceTree = "<group>"; };
/* End PBXFileReference section */

/* Begin PBXFrameworksBuildPhase section */
		36C1E65D190A961800226CBF /* Frameworks */ = {
			isa = PBXFrameworksBuildPhase;
			buildActionMask = 2147483647;
			files = (
				36C1E664190A961800226CBF /* AppKit.framework in Frameworks */,
				36C1E666190A961800226CBF /* Foundation.framework in Frameworks */,
			);
			runOnlyForDeploymentPostprocessing = 0;
		};
/* End PBXFrameworksBuildPhase section */

/* Begin PBXGroup section */
		3615FF80190AA1CC00CC9825 /* KeyboardHelper */ = {
			isa = PBXGroup;
			children = (
				3615FF81190AA1CC00CC9825 /* VVKeyboardEventSender.h */,
				3615FF82190AA1CC00CC9825 /* VVKeyboardEventSender.m */,
			);
			path = KeyboardHelper;
			sourceTree = "<group>";
		};
		3652D0F0190B032900AA3A2F /* SettingWindowController */ = {
			isa = PBXGroup;
			children = (
				3652D0F1190B032900AA3A2F /* SettingWindowController.xib */,
				3652D0F3190B040500AA3A2F /* SettingWindowController.h */,
				3652D0F4190B040500AA3A2F /* SettingWindowController.m */,
			);
			path = SettingWindowController;
			sourceTree = "<group>";
		};
		36C1E657190A961800226CBF = {
			isa = PBXGroup;
			children = (
				36C1E667190A961800226CBF /* MLAutoReplace */,
				36C1E662190A961800226CBF /* Frameworks */,
				36C1E661190A961800226CBF /* Products */,
			);
			sourceTree = "<group>";
		};
		36C1E661190A961800226CBF /* Products */ = {
			isa = PBXGroup;
			children = (
				36C1E660190A961800226CBF /* MLAutoReplace.xcplugin */,
			);
			name = Products;
			sourceTree = "<group>";
		};
		36C1E662190A961800226CBF /* Frameworks */ = {
			isa = PBXGroup;
			children = (
				36C1E663190A961800226CBF /* AppKit.framework */,
				36C1E665190A961800226CBF /* Foundation.framework */,
			);
			name = Frameworks;
			sourceTree = "<group>";
		};
		36C1E667190A961800226CBF /* MLAutoReplace */ = {
			isa = PBXGroup;
			children = (
				3652D0F0190B032900AA3A2F /* SettingWindowController */,
				3615FF80190AA1CC00CC9825 /* KeyboardHelper */,
				36C1E676190A979200226CBF /* Category */,
				36C1E67A190A987600226CBF /* Debug.h */,
				36C1E66D190A961800226CBF /* MLAutoReplace.h */,
				36C1E66E190A961800226CBF /* MLAutoReplace.m */,
				36008DDB190AFDED004EFFD0 /* DefaultReplaceGetter.plist */,
				36EF899A190BA929003C7336 /* DefaultReplaceOther.plist */,
				36C1E668190A961800226CBF /* Supporting Files */,
			);
			path = MLAutoReplace;
			sourceTree = "<group>";
		};
		36C1E668190A961800226CBF /* Supporting Files */ = {
			isa = PBXGroup;
			children = (
				36C1E669190A961800226CBF /* MLAutoReplace-Info.plist */,
				36C1E66A190A961800226CBF /* InfoPlist.strings */,
				36C1E670190A961800226CBF /* MLAutoReplace-Prefix.pch */,
			);
			name = "Supporting Files";
			sourceTree = "<group>";
		};
		36C1E676190A979200226CBF /* Category */ = {
			isa = PBXGroup;
			children = (
				3615FF98190ADC9A00CC9825 /* NSString+PDRegex.h */,
				3615FF99190ADC9A00CC9825 /* NSString+PDRegex.m */,
				36C1E67B190A988300226CBF /* NSString+Addition.h */,
				36C1E67C190A988300226CBF /* NSString+Addition.m */,
				36C1E677190A97AC00226CBF /* NSTextView+Addition.h */,
				36C1E678190A97AC00226CBF /* NSTextView+Addition.m */,
				369F72F3190BF9850077F874 /* NSView+MLRecursiveSubviews.h */,
				369F72F4190BF9850077F874 /* NSView+MLRecursiveSubviews.m */,
			);
			path = Category;
			sourceTree = "<group>";
		};
/* End PBXGroup section */

/* Begin PBXNativeTarget section */
		36C1E65F190A961800226CBF /* MLAutoReplace */ = {
			isa = PBXNativeTarget;
			buildConfigurationList = 36C1E673190A961800226CBF /* Build configuration list for PBXNativeTarget "MLAutoReplace" */;
			buildPhases = (
				36C1E65C190A961800226CBF /* Sources */,
				36C1E65D190A961800226CBF /* Frameworks */,
				36C1E65E190A961800226CBF /* Resources */,
			);
			buildRules = (
			);
			dependencies = (
			);
			name = MLAutoReplace;
			productName = MLAutoReplace;
			productReference = 36C1E660190A961800226CBF /* MLAutoReplace.xcplugin */;
			productType = "com.apple.product-type.bundle";
		};
/* End PBXNativeTarget section */

/* Begin PBXProject section */
		36C1E658190A961800226CBF /* Project object */ = {
			isa = PBXProject;
			attributes = {
				LastUpgradeCheck = 0510;
				ORGANIZATIONNAME = molon;
			};
			buildConfigurationList = 36C1E65B190A961800226CBF /* Build configuration list for PBXProject "MLAutoReplace" */;
			compatibilityVersion = "Xcode 3.2";
			developmentRegion = English;
			hasScannedForEncodings = 0;
			knownRegions = (
				en,
			);
			mainGroup = 36C1E657190A961800226CBF;
			productRefGroup = 36C1E661190A961800226CBF /* Products */;
			projectDirPath = "";
			projectRoot = "";
			targets = (
				36C1E65F190A961800226CBF /* MLAutoReplace */,
			);
		};
/* End PBXProject section */

/* Begin PBXResourcesBuildPhase section */
		36C1E65E190A961800226CBF /* Resources */ = {
			isa = PBXResourcesBuildPhase;
			buildActionMask = 2147483647;
			files = (
				36008DDC190AFDED004EFFD0 /* DefaultReplaceGetter.plist in Resources */,
				3652D0F2190B032900AA3A2F /* SettingWindowController.xib in Resources */,
				36EF899B190BA929003C7336 /* DefaultReplaceOther.plist in Resources */,
				36C1E66C190A961800226CBF /* InfoPlist.strings in Resources */,
			);
			runOnlyForDeploymentPostprocessing = 0;
		};
/* End PBXResourcesBuildPhase section */

/* Begin PBXSourcesBuildPhase section */
		36C1E65C190A961800226CBF /* Sources */ = {
			isa = PBXSourcesBuildPhase;
			buildActionMask = 2147483647;
			files = (
				369F72F5190BF9850077F874 /* NSView+MLRecursiveSubviews.m in Sources */,
				3615FF9A190ADC9A00CC9825 /* NSString+PDRegex.m in Sources */,
				36C1E679190A97AC00226CBF /* NSTextView+Addition.m in Sources */,
				3652D0F5190B040500AA3A2F /* SettingWindowController.m in Sources */,
				36C1E67D190A988300226CBF /* NSString+Addition.m in Sources */,
				3615FF83190AA1CC00CC9825 /* VVKeyboardEventSender.m in Sources */,
				36C1E66F190A961800226CBF /* MLAutoReplace.m in Sources */,
			);
			runOnlyForDeploymentPostprocessing = 0;
		};
/* End PBXSourcesBuildPhase section */

/* Begin PBXVariantGroup section */
		36C1E66A190A961800226CBF /* InfoPlist.strings */ = {
			isa = PBXVariantGroup;
			children = (
				36C1E66B190A961800226CBF /* en */,
			);
			name = InfoPlist.strings;
			sourceTree = "<group>";
		};
/* End PBXVariantGroup section */

/* Begin XCBuildConfiguration section */
		36C1E671190A961800226CBF /* Debug */ = {
			isa = XCBuildConfiguration;
			buildSettings = {
				ALWAYS_SEARCH_USER_PATHS = NO;
				CLANG_CXX_LANGUAGE_STANDARD = "gnu++0x";
				CLANG_CXX_LIBRARY = "libc++";
				CLANG_ENABLE_MODULES = YES;
				CLANG_ENABLE_OBJC_ARC = YES;
				CLANG_WARN_BOOL_CONVERSION = YES;
				CLANG_WARN_CONSTANT_CONVERSION = YES;
				CLANG_WARN_DIRECT_OBJC_ISA_USAGE = YES_ERROR;
				CLANG_WARN_EMPTY_BODY = YES;
				CLANG_WARN_ENUM_CONVERSION = YES;
				CLANG_WARN_INT_CONVERSION = YES;
				CLANG_WARN_OBJC_ROOT_CLASS = YES_ERROR;
				CLANG_WARN__DUPLICATE_METHOD_MATCH = YES;
				COPY_PHASE_STRIP = NO;
				GCC_C_LANGUAGE_STANDARD = gnu99;
				GCC_DYNAMIC_NO_PIC = NO;
				GCC_ENABLE_OBJC_EXCEPTIONS = YES;
				GCC_OPTIMIZATION_LEVEL = 0;
				GCC_PREPROCESSOR_DEFINITIONS = (
					"DEBUG=1",
					"$(inherited)",
				);
				GCC_SYMBOLS_PRIVATE_EXTERN = NO;
				GCC_WARN_64_TO_32_BIT_CONVERSION = YES;
				GCC_WARN_ABOUT_RETURN_TYPE = YES_ERROR;
				GCC_WARN_UNDECLARED_SELECTOR = YES;
				GCC_WARN_UNINITIALIZED_AUTOS = YES_AGGRESSIVE;
				GCC_WARN_UNUSED_FUNCTION = YES;
				GCC_WARN_UNUSED_VARIABLE = YES;
				MACOSX_DEPLOYMENT_TARGET = 10.9;
				ONLY_ACTIVE_ARCH = YES;
				SDKROOT = macosx;
			};
			name = Debug;
		};
		36C1E672190A961800226CBF /* Release */ = {
			isa = XCBuildConfiguration;
			buildSettings = {
				ALWAYS_SEARCH_USER_PATHS = NO;
				CLANG_CXX_LANGUAGE_STANDARD = "gnu++0x";
				CLANG_CXX_LIBRARY = "libc++";
				CLANG_ENABLE_MODULES = YES;
				CLANG_ENABLE_OBJC_ARC = YES;
				CLANG_WARN_BOOL_CONVERSION = YES;
				CLANG_WARN_CONSTANT_CONVERSION = YES;
				CLANG_WARN_DIRECT_OBJC_ISA_USAGE = YES_ERROR;
				CLANG_WARN_EMPTY_BODY = YES;
				CLANG_WARN_ENUM_CONVERSION = YES;
				CLANG_WARN_INT_CONVERSION = YES;
				CLANG_WARN_OBJC_ROOT_CLASS = YES_ERROR;
				CLANG_WARN__DUPLICATE_METHOD_MATCH = YES;
				COPY_PHASE_STRIP = YES;
				DEBUG_INFORMATION_FORMAT = "dwarf-with-dsym";
				ENABLE_NS_ASSERTIONS = NO;
				GCC_C_LANGUAGE_STANDARD = gnu99;
				GCC_ENABLE_OBJC_EXCEPTIONS = YES;
				GCC_WARN_64_TO_32_BIT_CONVERSION = YES;
				GCC_WARN_ABOUT_RETURN_TYPE = YES_ERROR;
				GCC_WARN_UNDECLARED_SELECTOR = YES;
				GCC_WARN_UNINITIALIZED_AUTOS = YES_AGGRESSIVE;
				GCC_WARN_UNUSED_FUNCTION = YES;
				GCC_WARN_UNUSED_VARIABLE = YES;
				MACOSX_DEPLOYMENT_TARGET = 10.9;
				SDKROOT = macosx;
			};
			name = Release;
		};
		36C1E674190A961800226CBF /* Debug */ = {
			isa = XCBuildConfiguration;
			buildSettings = {
				COMBINE_HIDPI_IMAGES = YES;
				DEPLOYMENT_LOCATION = YES;
				DSTROOT = "$(HOME)";
				GCC_PRECOMPILE_PREFIX_HEADER = YES;
				GCC_PREFIX_HEADER = "MLAutoReplace/MLAutoReplace-Prefix.pch";
				INFOPLIST_FILE = "MLAutoReplace/MLAutoReplace-Info.plist";
				INSTALL_PATH = "/Library/Application Support/Developer/Shared/Xcode/Plug-ins";
				PRODUCT_NAME = "$(TARGET_NAME)";
				WRAPPER_EXTENSION = xcplugin;
			};
			name = Debug;
		};
		36C1E675190A961800226CBF /* Release */ = {
			isa = XCBuildConfiguration;
			buildSettings = {
				COMBINE_HIDPI_IMAGES = YES;
				DEPLOYMENT_LOCATION = YES;
				DSTROOT = "$(HOME)";
				GCC_PRECOMPILE_PREFIX_HEADER = YES;
				GCC_PREFIX_HEADER = "MLAutoReplace/MLAutoReplace-Prefix.pch";
				INFOPLIST_FILE = "MLAutoReplace/MLAutoReplace-Info.plist";
				INSTALL_PATH = "/Library/Application Support/Developer/Shared/Xcode/Plug-ins";
				PRODUCT_NAME = "$(TARGET_NAME)";
				WRAPPER_EXTENSION = xcplugin;
			};
			name = Release;
		};
/* End XCBuildConfiguration section */

/* Begin XCConfigurationList section */
		36C1E65B190A961800226CBF /* Build configuration list for PBXProject "MLAutoReplace" */ = {
			isa = XCConfigurationList;
			buildConfigurations = (
				36C1E671190A961800226CBF /* Debug */,
				36C1E672190A961800226CBF /* Release */,
			);
			defaultConfigurationIsVisible = 0;
			defaultConfigurationName = Release;
		};
		36C1E673190A961800226CBF /* Build configuration list for PBXNativeTarget "MLAutoReplace" */ = {
			isa = XCConfigurationList;
			buildConfigurations = (
				36C1E674190A961800226CBF /* Debug */,
				36C1E675190A961800226CBF /* Release */,
			);
			defaultConfigurationIsVisible = 0;
			defaultConfigurationName = Release;
		};
/* End XCConfigurationList section */
	};
	rootObject = 36C1E658190A961800226CBF /* Project object */;
}
